
Microsoft Visual Studio Solution File, Format Version 12.00
# Visual Studio Express 2012 for Web
Project("{E24C65DC-7377-472B-9ABA-BC803B73C61A}") = "MvcApplication3", "..\website\MvcApplication3\", "{17A9D75F-42AF-40D6-B50E-1E1BBC73689E}"
	ProjectSection(WebsiteProperties) = preProject
		TargetFrameworkMoniker = ".NETFramework,Version%3Dv4.0"
		Debug.AspNetCompiler.VirtualPath = "/MvcApplication3"
		Debug.AspNetCompiler.PhysicalPath = "..\website\MvcApplication3\"
		Debug.AspNetCompiler.TargetPath = "PrecompiledWeb\MvcApplication3\"
		Debug.AspNetCompiler.Updateable = "true"
		Debug.AspNetCompiler.ForceOverwrite = "true"
		Debug.AspNetCompiler.FixedNames = "false"
		Debug.AspNetCompiler.Debug = "True"
		Release.AspNetCompiler.VirtualPath = "/MvcApplication3"
		Release.AspNetCompiler.PhysicalPath = "..\website\MvcApplication3\"
		Release.AspNetCompiler.TargetPath = "PrecompiledWeb\MvcApplication3\"
		Release.AspNetCompiler.Updateable = "true"
		Release.AspNetCompiler.ForceOverwrite = "true"
		Release.AspNetCompiler.FixedNames = "false"
		Release.AspNetCompiler.Debug = "False"
		VWDPort = "18464"
	EndProjectSection
EndProject
Global
	GlobalSection(SolutionConfigurationPlatforms) = preSolution
		Debug|Any CPU = Debug|Any CPU
	EndGlobalSection
	GlobalSection(ProjectConfigurationPlatforms) = postSolution
		{17A9D75F-42AF-40D6-B50E-1E1BBC73689E}.Debug|Any CPU.ActiveCfg = Debug|Any CPU
		{17A9D75F-42AF-40D6-B50E-1E1BBC73689E}.Debug|Any CPU.Build.0 = Debug|Any CPU
	EndGlobalSection
	GlobalSection(SolutionProperties) = preSolution
		HideSolutionNode = FALSE
	EndGlobalSection
EndGlobal
